// !$*UTF8*$!
{
	archiveVersion = 1;
	classes = {
	};
	objectVersion = 56;
	objects = {

/* Begin PBXBuildFile section */
		DE0EB6062B5000DB005E18E3 /* DemoAppApp.swift in Sources */ = {isa = PBXBuildFile; fileRef = DE0EB6052B5000DB005E18E3 /* DemoAppApp.swift */; };
		DE0EB6082B5000DB005E18E3 /* ContentView.swift in Sources */ = {isa = PBXBuildFile; fileRef = DE0EB6072B5000DB005E18E3 /* ContentView.swift */; };
		DE0EB60A2B5000E1005E18E3 /* Assets.xcassets in Resources */ = {isa = PBXBuildFile; fileRef = DE0EB6092B5000E1005E18E3 /* Assets.xcassets */; };
		DE0EB60D2B5000E1005E18E3 /* Preview Assets.xcassets in Resources */ = {isa = PBXBuildFile; fileRef = DE0EB60C2B5000E1005E18E3 /* Preview Assets.xcassets */; };
		DE0EB6172B5000E1005E18E3 /* DemoAppTests.swift in Sources */ = {isa = PBXBuildFile; fileRef = DE0EB6162B5000E1005E18E3 /* DemoAppTests.swift */; };
		DE0EB6212B5000E1005E18E3 /* DemoAppUITests.swift in Sources */ = {isa = PBXBuildFile; fileRef = DE0EB6202B5000E1005E18E3 /* DemoAppUITests.swift */; };
		DE0EB6232B5000E1005E18E3 /* DemoAppUITestsLaunchTests.swift in Sources */ = {isa = PBXBuildFile; fileRef = DE0EB6222B5000E1005E18E3 /* DemoAppUITestsLaunchTests.swift */; };
		DEA298232B503A2D00EDF358 /* AudioViewModel.swift in Sources */ = {isa = PBXBuildFile; fileRef = DEA298222B503A2D00EDF358 /* AudioViewModel.swift */; };
		DEA298252B50656200EDF358 /* NetworkManager.swift in Sources */ = {isa = PBXBuildFile; fileRef = DEA298242B50656200EDF358 /* NetworkManager.swift */; };
		DEA298272B50688C00EDF358 /* AudioListModelFromApi.swift in Sources */ = {isa = PBXBuildFile; fileRef = DEA298262B50688C00EDF358 /* AudioListModelFromApi.swift */; };
		DEA2982A2B50925100EDF358 /* AudioPlaylist in Frameworks */ = {isa = PBXBuildFile; productRef = DEA298292B50925100EDF358 /* AudioPlaylist */; };
/* End PBXBuildFile section */

/* Begin PBXContainerItemProxy section */
		DE0EB6132B5000E1005E18E3 /* PBXContainerItemProxy */ = {
			isa = PBXContainerItemProxy;
			containerPortal = DE0EB5FA2B5000DB005E18E3 /* Project object */;
			proxyType = 1;
			remoteGlobalIDString = DE0EB6012B5000DB005E18E3;
			remoteInfo = DemoApp;
		};
		DE0EB61D2B5000E1005E18E3 /* PBXContainerItemProxy */ = {
			isa = PBXContainerItemProxy;
			containerPortal = DE0EB5FA2B5000DB005E18E3 /* Project object */;
			proxyType = 1;
			remoteGlobalIDString = DE0EB6012B5000DB005E18E3;
			remoteInfo = DemoApp;
		};
/* End PBXContainerItemProxy section */

/* Begin PBXFileReference section */
		DE0EB6022B5000DB005E18E3 /* DemoApp.app */ = {isa = PBXFileReference; explicitFileType = wrapper.application; includeInIndex = 0; path = DemoApp.app; sourceTree = BUILT_PRODUCTS_DIR; };
		DE0EB6052B5000DB005E18E3 /* DemoAppApp.swift */ = {isa = PBXFileReference; lastKnownFileType = sourcecode.swift; path = DemoAppApp.swift; sourceTree = "<group>"; };
		DE0EB6072B5000DB005E18E3 /* ContentView.swift */ = {isa = PBXFileReference; lastKnownFileType = sourcecode.swift; path = ContentView.swift; sourceTree = "<group>"; };
		DE0EB6092B5000E1005E18E3 /* Assets.xcassets */ = {isa = PBXFileReference; lastKnownFileType = folder.assetcatalog; path = Assets.xcassets; sourceTree = "<group>"; };
		DE0EB60C2B5000E1005E18E3 /* Preview Assets.xcassets */ = {isa = PBXFileReference; lastKnownFileType = folder.assetcatalog; path = "Preview Assets.xcassets"; sourceTree = "<group>"; };
		DE0EB6122B5000E1005E18E3 /* DemoAppTests.xctest */ = {isa = PBXFileReference; explicitFileType = wrapper.cfbundle; includeInIndex = 0; path = DemoAppTests.xctest; sourceTree = BUILT_PRODUCTS_DIR; };
		DE0EB6162B5000E1005E18E3 /* DemoAppTests.swift */ = {isa = PBXFileReference; lastKnownFileType = sourcecode.swift; path = DemoAppTests.swift; sourceTree = "<group>"; };
		DE0EB61C2B5000E1005E18E3 /* DemoAppUITests.xctest */ = {isa = PBXFileReference; explicitFileType = wrapper.cfbundle; includeInIndex = 0; path = DemoAppUITests.xctest; sourceTree = BUILT_PRODUCTS_DIR; };
		DE0EB6202B5000E1005E18E3 /* DemoAppUITests.swift */ = {isa = PBXFileReference; lastKnownFileType = sourcecode.swift; path = DemoAppUITests.swift; sourceTree = "<group>"; };
		DE0EB6222B5000E1005E18E3 /* DemoAppUITestsLaunchTests.swift */ = {isa = PBXFileReference; lastKnownFileType = sourcecode.swift; path = DemoAppUITestsLaunchTests.swift; sourceTree = "<group>"; };
		DEA298222B503A2D00EDF358 /* AudioViewModel.swift */ = {isa = PBXFileReference; lastKnownFileType = sourcecode.swift; path = AudioViewModel.swift; sourceTree = "<group>"; };
		DEA298242B50656200EDF358 /* NetworkManager.swift */ = {isa = PBXFileReference; lastKnownFileType = sourcecode.swift; path = NetworkManager.swift; sourceTree = "<group>"; };
		DEA298262B50688C00EDF358 /* AudioListModelFromApi.swift */ = {isa = PBXFileReference; lastKnownFileType = sourcecode.swift; path = AudioListModelFromApi.swift; sourceTree = "<group>"; };
/* End PBXFileReference section */

/* Begin PBXFrameworksBuildPhase section */
		DE0EB5FF2B5000DB005E18E3 /* Frameworks */ = {
			isa = PBXFrameworksBuildPhase;
			buildActionMask = 2147483647;
			files = (
				DEA2982A2B50925100EDF358 /* AudioPlaylist in Frameworks */,
			);
			runOnlyForDeploymentPostprocessing = 0;
		};
		DE0EB60F2B5000E1005E18E3 /* Frameworks */ = {
			isa = PBXFrameworksBuildPhase;
			buildActionMask = 2147483647;
			files = (
			);
			runOnlyForDeploymentPostprocessing = 0;
		};
		DE0EB6192B5000E1005E18E3 /* Frameworks */ = {
			isa = PBXFrameworksBuildPhase;
			buildActionMask = 2147483647;
			files = (
			);
			runOnlyForDeploymentPostprocessing = 0;
		};
/* End PBXFrameworksBuildPhase section */

/* Begin PBXGroup section */
		DE0EB5F92B5000DB005E18E3 = {
			isa = PBXGroup;
			children = (
				DE0EB6042B5000DB005E18E3 /* DemoApp */,
				DE0EB6152B5000E1005E18E3 /* DemoAppTests */,
				DE0EB61F2B5000E1005E18E3 /* DemoAppUITests */,
				DE0EB6032B5000DB005E18E3 /* Products */,
				DE0EB64F2B50156F005E18E3 /* Frameworks */,
			);
			sourceTree = "<group>";
		};
		DE0EB6032B5000DB005E18E3 /* Products */ = {
			isa = PBXGroup;
			children = (
				DE0EB6022B5000DB005E18E3 /* DemoApp.app */,
				DE0EB6122B5000E1005E18E3 /* DemoAppTests.xctest */,
				DE0EB61C2B5000E1005E18E3 /* DemoAppUITests.xctest */,
			);
			name = Products;
			sourceTree = "<group>";
		};
		DE0EB6042B5000DB005E18E3 /* DemoApp */ = {
			isa = PBXGroup;
			children = (
				DE0EB6342B50032F005E18E3 /* View */,
				DE0EB6322B500314005E18E3 /* Viewmodel */,
				DE0EB6332B50031D005E18E3 /* Model */,
				DEA298212B50193B00EDF358 /* NetworkManager */,
				DE0EB6092B5000E1005E18E3 /* Assets.xcassets */,
				DE0EB60B2B5000E1005E18E3 /* Preview Content */,
			);
			path = DemoApp;
			sourceTree = "<group>";
		};
		DE0EB60B2B5000E1005E18E3 /* Preview Content */ = {
			isa = PBXGroup;
			children = (
				DE0EB60C2B5000E1005E18E3 /* Preview Assets.xcassets */,
			);
			path = "Preview Content";
			sourceTree = "<group>";
		};
		DE0EB6152B5000E1005E18E3 /* DemoAppTests */ = {
			isa = PBXGroup;
			children = (
				DE0EB6162B5000E1005E18E3 /* DemoAppTests.swift */,
			);
			path = DemoAppTests;
			sourceTree = "<group>";
		};
		DE0EB61F2B5000E1005E18E3 /* DemoAppUITests */ = {
			isa = PBXGroup;
			children = (
				DE0EB6202B5000E1005E18E3 /* DemoAppUITests.swift */,
				DE0EB6222B5000E1005E18E3 /* DemoAppUITestsLaunchTests.swift */,
			);
			path = DemoAppUITests;
			sourceTree = "<group>";
		};
		DE0EB6322B500314005E18E3 /* Viewmodel */ = {
			isa = PBXGroup;
			children = (
				DEA298222B503A2D00EDF358 /* AudioViewModel.swift */,
			);
			path = Viewmodel;
			sourceTree = "<group>";
		};
		DE0EB6332B50031D005E18E3 /* Model */ = {
			isa = PBXGroup;
			children = (
				DEA298262B50688C00EDF358 /* AudioListModelFromApi.swift */,
			);
			path = Model;
			sourceTree = "<group>";
		};
		DE0EB6342B50032F005E18E3 /* View */ = {
			isa = PBXGroup;
			children = (
				DE0EB6072B5000DB005E18E3 /* ContentView.swift */,
				DE0EB6052B5000DB005E18E3 /* DemoAppApp.swift */,
			);
			path = View;
			sourceTree = "<group>";
		};
		DE0EB64F2B50156F005E18E3 /* Frameworks */ = {
			isa = PBXGroup;
			children = (
			);
			name = Frameworks;
			sourceTree = "<group>";
		};
		DEA298212B50193B00EDF358 /* NetworkManager */ = {
			isa = PBXGroup;
			children = (
				DEA298242B50656200EDF358 /* NetworkManager.swift */,
			);
			path = NetworkManager;
			sourceTree = "<group>";
		};
/* End PBXGroup section */

/* Begin PBXNativeTarget section */
		DE0EB6012B5000DB005E18E3 /* DemoApp */ = {
			isa = PBXNativeTarget;
			buildConfigurationList = DE0EB6262B5000E1005E18E3 /* Build configuration list for PBXNativeTarget "DemoApp" */;
			buildPhases = (
				DE0EB5FE2B5000DB005E18E3 /* Sources */,
				DE0EB5FF2B5000DB005E18E3 /* Frameworks */,
				DE0EB6002B5000DB005E18E3 /* Resources */,
			);
			buildRules = (
			);
			dependencies = (
			);
			name = DemoApp;
			packageProductDependencies = (
				DEA298292B50925100EDF358 /* AudioPlaylist */,
			);
			productName = DemoApp;
			productReference = DE0EB6022B5000DB005E18E3 /* DemoApp.app */;
			productType = "com.apple.product-type.application";
		};
		DE0EB6112B5000E1005E18E3 /* DemoAppTests */ = {
			isa = PBXNativeTarget;
			buildConfigurationList = DE0EB6292B5000E1005E18E3 /* Build configuration list for PBXNativeTarget "DemoAppTests" */;
			buildPhases = (
				DE0EB60E2B5000E1005E18E3 /* Sources */,
				DE0EB60F2B5000E1005E18E3 /* Frameworks */,
				DE0EB6102B5000E1005E18E3 /* Resources */,
			);
			buildRules = (
			);
			dependencies = (
				DE0EB6142B5000E1005E18E3 /* PBXTargetDependency */,
			);
			name = DemoAppTests;
			productName = DemoAppTests;
			productReference = DE0EB6122B5000E1005E18E3 /* DemoAppTests.xctest */;
			productType = "com.apple.product-type.bundle.unit-test";
		};
		DE0EB61B2B5000E1005E18E3 /* DemoAppUITests */ = {
			isa = PBXNativeTarget;
			buildConfigurationList = DE0EB62C2B5000E1005E18E3 /* Build configuration list for PBXNativeTarget "DemoAppUITests" */;
			buildPhases = (
				DE0EB6182B5000E1005E18E3 /* Sources */,
				DE0EB6192B5000E1005E18E3 /* Frameworks */,
				DE0EB61A2B5000E1005E18E3 /* Resources */,
			);
			buildRules = (
			);
			dependencies = (
				DE0EB61E2B5000E1005E18E3 /* PBXTargetDependency */,
			);
			name = DemoAppUITests;
			productName = DemoAppUITests;
			productReference = DE0EB61C2B5000E1005E18E3 /* DemoAppUITests.xctest */;
			productType = "com.apple.product-type.bundle.ui-testing";
		};
/* End PBXNativeTarget section */

/* Begin PBXProject section */
		DE0EB5FA2B5000DB005E18E3 /* Project object */ = {
			isa = PBXProject;
			attributes = {
				BuildIndependentTargetsInParallel = 1;
				LastSwiftUpdateCheck = 1500;
				LastUpgradeCheck = 1500;
				TargetAttributes = {
					DE0EB6012B5000DB005E18E3 = {
						CreatedOnToolsVersion = 15.0;
					};
					DE0EB6112B5000E1005E18E3 = {
						CreatedOnToolsVersion = 15.0;
						TestTargetID = DE0EB6012B5000DB005E18E3;
					};
					DE0EB61B2B5000E1005E18E3 = {
						CreatedOnToolsVersion = 15.0;
						TestTargetID = DE0EB6012B5000DB005E18E3;
					};
				};
			};
			buildConfigurationList = DE0EB5FD2B5000DB005E18E3 /* Build configuration list for PBXProject "DemoApp" */;
			compatibilityVersion = "Xcode 14.0";
			developmentRegion = en;
			hasScannedForEncodings = 0;
			knownRegions = (
				en,
				Base,
			);
			mainGroup = DE0EB5F92B5000DB005E18E3;
			packageReferences = (
				DEA298282B50925100EDF358 /* XCRemoteSwiftPackageReference "AudioPlaylist" */,
			);
			productRefGroup = DE0EB6032B5000DB005E18E3 /* Products */;
			projectDirPath = "";
			projectRoot = "";
			targets = (
				DE0EB6012B5000DB005E18E3 /* DemoApp */,
				DE0EB6112B5000E1005E18E3 /* DemoAppTests */,
				DE0EB61B2B5000E1005E18E3 /* DemoAppUITests */,
			);
		};
/* End PBXProject section */

/* Begin PBXResourcesBuildPhase section */
		DE0EB6002B5000DB005E18E3 /* Resources */ = {
			isa = PBXResourcesBuildPhase;
			buildActionMask = 2147483647;
			files = (
				DE0EB60D2B5000E1005E18E3 /* Preview Assets.xcassets in Resources */,
				DE0EB60A2B5000E1005E18E3 /* Assets.xcassets in Resources */,
			);
			runOnlyForDeploymentPostprocessing = 0;
		};
		DE0EB6102B5000E1005E18E3 /* Resources */ = {
			isa = PBXResourcesBuildPhase;
			buildActionMask = 2147483647;
			files = (
			);
			runOnlyForDeploymentPostprocessing = 0;
		};
		DE0EB61A2B5000E1005E18E3 /* Resources */ = {
			isa = PBXResourcesBuildPhase;
			buildActionMask = 2147483647;
			files = (
			);
			runOnlyForDeploymentPostprocessing = 0;
		};
/* End PBXResourcesBuildPhase section */

/* Begin PBXSourcesBuildPhase section */
		DE0EB5FE2B5000DB005E18E3 /* Sources */ = {
			isa = PBXSourcesBuildPhase;
			buildActionMask = 2147483647;
			files = (
				DEA298252B50656200EDF358 /* NetworkManager.swift in Sources */,
				DE0EB6082B5000DB005E18E3 /* ContentView.swift in Sources */,
				DEA298232B503A2D00EDF358 /* AudioViewModel.swift in Sources */,
				DEA298272B50688C00EDF358 /* AudioListModelFromApi.swift in Sources */,
				DE0EB6062B5000DB005E18E3 /* DemoAppApp.swift in Sources */,
			);
			runOnlyForDeploymentPostprocessing = 0;
		};
		DE0EB60E2B5000E1005E18E3 /* Sources */ = {
			isa = PBXSourcesBuildPhase;
			buildActionMask = 2147483647;
			files = (
				DE0EB6172B5000E1005E18E3 /* DemoAppTests.swift in Sources */,
			);
			runOnlyForDeploymentPostprocessing = 0;
		};
		DE0EB6182B5000E1005E18E3 /* Sources */ = {
			isa = PBXSourcesBuildPhase;
			buildActionMask = 2147483647;
			files = (
				DE0EB6212B5000E1005E18E3 /* DemoAppUITests.swift in Sources */,
				DE0EB6232B5000E1005E18E3 /* DemoAppUITestsLaunchTests.swift in Sources */,
			);
			runOnlyForDeploymentPostprocessing = 0;
		};
/* End PBXSourcesBuildPhase section */

/* Begin PBXTargetDependency section */
		DE0EB6142B5000E1005E18E3 /* PBXTargetDependency */ = {
			isa = PBXTargetDependency;
			target = DE0EB6012B5000DB005E18E3 /* DemoApp */;
			targetProxy = DE0EB6132B5000E1005E18E3 /* PBXContainerItemProxy */;
		};
		DE0EB61E2B5000E1005E18E3 /* PBXTargetDependency */ = {
			isa = PBXTargetDependency;
			target = DE0EB6012B5000DB005E18E3 /* DemoApp */;
			targetProxy = DE0EB61D2B5000E1005E18E3 /* PBXContainerItemProxy */;
		};
/* End PBXTargetDependency section */

/* Begin XCBuildConfiguration section */
		DE0EB6242B5000E1005E18E3 /* Debug */ = {
			isa = XCBuildConfiguration;
			buildSettings = {
				ALWAYS_SEARCH_USER_PATHS = NO;
				ASSETCATALOG_COMPILER_GENERATE_SWIFT_ASSET_SYMBOL_EXTENSIONS = YES;
				CLANG_ANALYZER_NONNULL = YES;
				CLANG_ANALYZER_NUMBER_OBJECT_CONVERSION = YES_AGGRESSIVE;
				CLANG_CXX_LANGUAGE_STANDARD = "gnu++20";
				CLANG_ENABLE_MODULES = YES;
				CLANG_ENABLE_OBJC_ARC = YES;
				CLANG_ENABLE_OBJC_WEAK = YES;
				CLANG_WARN_BLOCK_CAPTURE_AUTORELEASING = YES;
				CLANG_WARN_BOOL_CONVERSION = YES;
				CLANG_WARN_COMMA = YES;
				CLANG_WARN_CONSTANT_CONVERSION = YES;
				CLANG_WARN_DEPRECATED_OBJC_IMPLEMENTATIONS = YES;
				CLANG_WARN_DIRECT_OBJC_ISA_USAGE = YES_ERROR;
				CLANG_WARN_DOCUMENTATION_COMMENTS = YES;
				CLANG_WARN_EMPTY_BODY = YES;
				CLANG_WARN_ENUM_CONVERSION = YES;
				CLANG_WARN_INFINITE_RECURSION = YES;
				CLANG_WARN_INT_CONVERSION = YES;
				CLANG_WARN_NON_LITERAL_NULL_CONVERSION = YES;
				CLANG_WARN_OBJC_IMPLICIT_RETAIN_SELF = YES;
				CLANG_WARN_OBJC_LITERAL_CONVERSION = YES;
				CLANG_WARN_OBJC_ROOT_CLASS = YES_ERROR;
				CLANG_WARN_QUOTED_INCLUDE_IN_FRAMEWORK_HEADER = YES;
				CLANG_WARN_RANGE_LOOP_ANALYSIS = YES;
				CLANG_WARN_STRICT_PROTOTYPES = YES;
				CLANG_WARN_SUSPICIOUS_MOVE = YES;
				CLANG_WARN_UNGUARDED_AVAILABILITY = YES_AGGRESSIVE;
				CLANG_WARN_UNREACHABLE_CODE = YES;
				CLANG_WARN__DUPLICATE_METHOD_MATCH = YES;
				COPY_PHASE_STRIP = NO;
				DEBUG_INFORMATION_FORMAT = dwarf;
				ENABLE_STRICT_OBJC_MSGSEND = YES;
				ENABLE_TESTABILITY = YES;
				ENABLE_USER_SCRIPT_SANDBOXING = YES;
				GCC_C_LANGUAGE_STANDARD = gnu17;
				GCC_DYNAMIC_NO_PIC = NO;
				GCC_NO_COMMON_BLOCKS = YES;
				GCC_OPTIMIZATION_LEVEL = 0;
				GCC_PREPROCESSOR_DEFINITIONS = (
					"DEBUG=1",
					"$(inherited)",
				);
				GCC_WARN_64_TO_32_BIT_CONVERSION = YES;
				GCC_WARN_ABOUT_RETURN_TYPE = YES_ERROR;
				GCC_WARN_UNDECLARED_SELECTOR = YES;
				GCC_WARN_UNINITIALIZED_AUTOS = YES_AGGRESSIVE;
				GCC_WARN_UNUSED_FUNCTION = YES;
				GCC_WARN_UNUSED_VARIABLE = YES;
				IPHONEOS_DEPLOYMENT_TARGET = 17.0;
				LOCALIZATION_PREFERS_STRING_CATALOGS = YES;
				MTL_ENABLE_DEBUG_INFO = INCLUDE_SOURCE;
				MTL_FAST_MATH = YES;
				ONLY_ACTIVE_ARCH = YES;
				SDKROOT = iphoneos;
				SWIFT_ACTIVE_COMPILATION_CONDITIONS = "DEBUG $(inherited)";
				SWIFT_OPTIMIZATION_LEVEL = "-Onone";
			};
			name = Debug;
		};
		DE0EB6252B5000E1005E18E3 /* Release */ = {
			isa = XCBuildConfiguration;
			buildSettings = {
				ALWAYS_SEARCH_USER_PATHS = NO;
				ASSETCATALOG_COMPILER_GENERATE_SWIFT_ASSET_SYMBOL_EXTENSIONS = YES;
				CLANG_ANALYZER_NONNULL = YES;
				CLANG_ANALYZER_NUMBER_OBJECT_CONVERSION = YES_AGGRESSIVE;
				CLANG_CXX_LANGUAGE_STANDARD = "gnu++20";
				CLANG_ENABLE_MODULES = YES;
				CLANG_ENABLE_OBJC_ARC = YES;
				CLANG_ENABLE_OBJC_WEAK = YES;
				CLANG_WARN_BLOCK_CAPTURE_AUTORELEASING = YES;
				CLANG_WARN_BOOL_CONVERSION = YES;
				CLANG_WARN_COMMA = YES;
				CLANG_WARN_CONSTANT_CONVERSION = YES;
				CLANG_WARN_DEPRECATED_OBJC_IMPLEMENTATIONS = YES;
				CLANG_WARN_DIRECT_OBJC_ISA_USAGE = YES_ERROR;
				CLANG_WARN_DOCUMENTATION_COMMENTS = YES;
				CLANG_WARN_EMPTY_BODY = YES;
				CLANG_WARN_ENUM_CONVERSION = YES;
				CLANG_WARN_INFINITE_RECURSION = YES;
				CLANG_WARN_INT_CONVERSION = YES;
				CLANG_WARN_NON_LITERAL_NULL_CONVERSION = YES;
				CLANG_WARN_OBJC_IMPLICIT_RETAIN_SELF = YES;
				CLANG_WARN_OBJC_LITERAL_CONVERSION = YES;
				CLANG_WARN_OBJC_ROOT_CLASS = YES_ERROR;
				CLANG_WARN_QUOTED_INCLUDE_IN_FRAMEWORK_HEADER = YES;
				CLANG_WARN_RANGE_LOOP_ANALYSIS = YES;
				CLANG_WARN_STRICT_PROTOTYPES = YES;
				CLANG_WARN_SUSPICIOUS_MOVE = YES;
				CLANG_WARN_UNGUARDED_AVAILABILITY = YES_AGGRESSIVE;
				CLANG_WARN_UNREACHABLE_CODE = YES;
				CLANG_WARN__DUPLICATE_METHOD_MATCH = YES;
				COPY_PHASE_STRIP = NO;
				DEBUG_INFORMATION_FORMAT = "dwarf-with-dsym";
				ENABLE_NS_ASSERTIONS = NO;
				ENABLE_STRICT_OBJC_MSGSEND = YES;
				ENABLE_USER_SCRIPT_SANDBOXING = YES;
				GCC_C_LANGUAGE_STANDARD = gnu17;
				GCC_NO_COMMON_BLOCKS = YES;
				GCC_WARN_64_TO_32_BIT_CONVERSION = YES;
				GCC_WARN_ABOUT_RETURN_TYPE = YES_ERROR;
				GCC_WARN_UNDECLARED_SELECTOR = YES;
				GCC_WARN_UNINITIALIZED_AUTOS = YES_AGGRESSIVE;
				GCC_WARN_UNUSED_FUNCTION = YES;
				GCC_WARN_UNUSED_VARIABLE = YES;
				IPHONEOS_DEPLOYMENT_TARGET = 17.0;
				LOCALIZATION_PREFERS_STRING_CATALOGS = YES;
				MTL_ENABLE_DEBUG_INFO = NO;
				MTL_FAST_MATH = YES;
				SDKROOT = iphoneos;
				SWIFT_COMPILATION_MODE = wholemodule;
				VALIDATE_PRODUCT = YES;
			};
			name = Release;
		};
		DE0EB6272B5000E1005E18E3 /* Debug */ = {
			isa = XCBuildConfiguration;
			buildSettings = {
				ASSETCATALOG_COMPILER_APPICON_NAME = AppIcon;
				ASSETCATALOG_COMPILER_GLOBAL_ACCENT_COLOR_NAME = AccentColor;
				CODE_SIGN_STYLE = Automatic;
				CURRENT_PROJECT_VERSION = 1;
				DEVELOPMENT_ASSET_PATHS = "\"DemoApp/Preview Content\"";
				ENABLE_PREVIEWS = YES;
				GENERATE_INFOPLIST_FILE = YES;
				INFOPLIST_KEY_UIApplicationSceneManifest_Generation = YES;
				INFOPLIST_KEY_UIApplicationSupportsIndirectInputEvents = YES;
				INFOPLIST_KEY_UILaunchScreen_Generation = YES;
				INFOPLIST_KEY_UISupportedInterfaceOrientations_iPad = "UIInterfaceOrientationPortrait UIInterfaceOrientationPortraitUpsideDown UIInterfaceOrientationLandscapeLeft UIInterfaceOrientationLandscapeRight";
				INFOPLIST_KEY_UISupportedInterfaceOrientations_iPhone = "UIInterfaceOrientationPortrait UIInterfaceOrientationLandscapeLeft UIInterfaceOrientationLandscapeRight";
				LD_RUNPATH_SEARCH_PATHS = (
					"$(inherited)",
					"@executable_path/Frameworks",
				);
				MARKETING_VERSION = 1.0;
				PRODUCT_BUNDLE_IDENTIFIER = com.testsamp.DemoApp;
				PRODUCT_NAME = "$(TARGET_NAME)";
				SWIFT_EMIT_LOC_STRINGS = YES;
				SWIFT_VERSION = 5.0;
				TARGETED_DEVICE_FAMILY = "1,2";
			};
			name = Debug;
		};
		DE0EB6282B5000E1005E18E3 /* Release */ = {
			isa = XCBuildConfiguration;
			buildSettings = {
				ASSETCATALOG_COMPILER_APPICON_NAME = AppIcon;
				ASSETCATALOG_COMPILER_GLOBAL_ACCENT_COLOR_NAME = AccentColor;
				CODE_SIGN_STYLE = Automatic;
				CURRENT_PROJECT_VERSION = 1;
				DEVELOPMENT_ASSET_PATHS = "\"DemoApp/Preview Content\"";
				ENABLE_PREVIEWS = YES;
				GENERATE_INFOPLIST_FILE = YES;
				INFOPLIST_KEY_UIApplicationSceneManifest_Generation = YES;
				INFOPLIST_KEY_UIApplicationSupportsIndirectInputEvents = YES;
				INFOPLIST_KEY_UILaunchScreen_Generation = YES;
				INFOPLIST_KEY_UISupportedInterfaceOrientations_iPad = "UIInterfaceOrientationPortrait UIInterfaceOrientationPortraitUpsideDown UIInterfaceOrientationLandscapeLeft UIInterfaceOrientationLandscapeRight";
				INFOPLIST_KEY_UISupportedInterfaceOrientations_iPhone = "UIInterfaceOrientationPortrait UIInterfaceOrientationLandscapeLeft UIInterfaceOrientationLandscapeRight";
				LD_RUNPATH_SEARCH_PATHS = (
					"$(inherited)",
					"@executable_path/Frameworks",
				);
				MARKETING_VERSION = 1.0;
				PRODUCT_BUNDLE_IDENTIFIER = com.testsamp.DemoApp;
				PRODUCT_NAME = "$(TARGET_NAME)";
				SWIFT_EMIT_LOC_STRINGS = YES;
				SWIFT_VERSION = 5.0;
				TARGETED_DEVICE_FAMILY = "1,2";
			};
			name = Release;
		};
		DE0EB62A2B5000E1005E18E3 /* Debug */ = {
			isa = XCBuildConfiguration;
			buildSettings = {
				ALWAYS_EMBED_SWIFT_STANDARD_LIBRARIES = YES;
				BUNDLE_LOADER = "$(TEST_HOST)";
				CODE_SIGN_STYLE = Automatic;
				CURRENT_PROJECT_VERSION = 1;
				GENERATE_INFOPLIST_FILE = YES;
				IPHONEOS_DEPLOYMENT_TARGET = 17.0;
				MARKETING_VERSION = 1.0;
				PRODUCT_BUNDLE_IDENTIFIER = com.testsamp.DemoAppTests;
				PRODUCT_NAME = "$(TARGET_NAME)";
				SWIFT_EMIT_LOC_STRINGS = NO;
				SWIFT_VERSION = 5.0;
				TARGETED_DEVICE_FAMILY = "1,2";
				TEST_HOST = "$(BUILT_PRODUCTS_DIR)/DemoApp.app/$(BUNDLE_EXECUTABLE_FOLDER_PATH)/DemoApp";
			};
			name = Debug;
		};
		DE0EB62B2B5000E1005E18E3 /* Release */ = {
			isa = XCBuildConfiguration;
			buildSettings = {
				ALWAYS_EMBED_SWIFT_STANDARD_LIBRARIES = YES;
				BUNDLE_LOADER = "$(TEST_HOST)";
				CODE_SIGN_STYLE = Automatic;
				CURRENT_PROJECT_VERSION = 1;
				GENERATE_INFOPLIST_FILE = YES;
				IPHONEOS_DEPLOYMENT_TARGET = 17.0;
				MARKETING_VERSION = 1.0;
				PRODUCT_BUNDLE_IDENTIFIER = com.testsamp.DemoAppTests;
				PRODUCT_NAME = "$(TARGET_NAME)";
				SWIFT_EMIT_LOC_STRINGS = NO;
				SWIFT_VERSION = 5.0;
				TARGETED_DEVICE_FAMILY = "1,2";
				TEST_HOST = "$(BUILT_PRODUCTS_DIR)/DemoApp.app/$(BUNDLE_EXECUTABLE_FOLDER_PATH)/DemoApp";
			};
			name = Release;
		};
		DE0EB62D2B5000E1005E18E3 /* Debug */ = {
			isa = XCBuildConfiguration;
			buildSettings = {
				ALWAYS_EMBED_SWIFT_STANDARD_LIBRARIES = YES;
				CODE_SIGN_STYLE = Automatic;
				CURRENT_PROJECT_VERSION = 1;
				GENERATE_INFOPLIST_FILE = YES;
				MARKETING_VERSION = 1.0;
				PRODUCT_BUNDLE_IDENTIFIER = com.testsamp.DemoAppUITests;
				PRODUCT_NAME = "$(TARGET_NAME)";
				SWIFT_EMIT_LOC_STRINGS = NO;
				SWIFT_VERSION = 5.0;
				TARGETED_DEVICE_FAMILY = "1,2";
				TEST_TARGET_NAME = DemoApp;
			};
			name = Debug;
		};
		DE0EB62E2B5000E1005E18E3 /* Release */ = {
			isa = XCBuildConfiguration;
			buildSettings = {
				ALWAYS_EMBED_SWIFT_STANDARD_LIBRARIES = YES;
				CODE_SIGN_STYLE = Automatic;
				CURRENT_PROJECT_VERSION = 1;
				GENERATE_INFOPLIST_FILE = YES;
				MARKETING_VERSION = 1.0;
				PRODUCT_BUNDLE_IDENTIFIER = com.testsamp.DemoAppUITests;
				PRODUCT_NAME = "$(TARGET_NAME)";
				SWIFT_EMIT_LOC_STRINGS = NO;
				SWIFT_VERSION = 5.0;
				TARGETED_DEVICE_FAMILY = "1,2";
				TEST_TARGET_NAME = DemoApp;
			};
			name = Release;
		};
/* End XCBuildConfiguration section */

/* Begin XCConfigurationList section */
		DE0EB5FD2B5000DB005E18E3 /* Build configuration list for PBXProject "DemoApp" */ = {
			isa = XCConfigurationList;
			buildConfigurations = (
				DE0EB6242B5000E1005E18E3 /* Debug */,
				DE0EB6252B5000E1005E18E3 /* Release */,
			);
			defaultConfigurationIsVisible = 0;
			defaultConfigurationName = Release;
		};
		DE0EB6262B5000E1005E18E3 /* Build configuration list for PBXNativeTarget "DemoApp" */ = {
			isa = XCConfigurationList;
			buildConfigurations = (
				DE0EB6272B5000E1005E18E3 /* Debug */,
				DE0EB6282B5000E1005E18E3 /* Release */,
			);
			defaultConfigurationIsVisible = 0;
			defaultConfigurationName = Release;
		};
		DE0EB6292B5000E1005E18E3 /* Build configuration list for PBXNativeTarget "DemoAppTests" */ = {
			isa = XCConfigurationList;
			buildConfigurations = (
				DE0EB62A2B5000E1005E18E3 /* Debug */,
				DE0EB62B2B5000E1005E18E3 /* Release */,
			);
			defaultConfigurationIsVisible = 0;
			defaultConfigurationName = Release;
		};
		DE0EB62C2B5000E1005E18E3 /* Build configuration list for PBXNativeTarget "DemoAppUITests" */ = {
			isa = XCConfigurationList;
			buildConfigurations = (
				DE0EB62D2B5000E1005E18E3 /* Debug */,
				DE0EB62E2B5000E1005E18E3 /* Release */,
			);
			defaultConfigurationIsVisible = 0;
			defaultConfigurationName = Release;
		};
/* End XCConfigurationList section */

/* Begin XCRemoteSwiftPackageReference section */
		DEA298282B50925100EDF358 /* XCRemoteSwiftPackageReference "AudioPlaylist" */ = {
			isa = XCRemoteSwiftPackageReference;
			repositoryURL = "https://github.com/NishanthMurugan/AudioPlaylist/";
			requirement = {
				branch = main;
				kind = branch;
			};
		};
/* End XCRemoteSwiftPackageReference section */

/* Begin XCSwiftPackageProductDependency section */
		DEA298292B50925100EDF358 /* AudioPlaylist */ = {
			isa = XCSwiftPackageProductDependency;
			package = DEA298282B50925100EDF358 /* XCRemoteSwiftPackageReference "AudioPlaylist" */;
			productName = AudioPlaylist;
		};
/* End XCSwiftPackageProductDependency section */
	};
	rootObject = DE0EB5FA2B5000DB005E18E3 /* Project object */;
}
